
Microsoft Visual Studio Solution File, Format Version 12.00
# Visual Studio Version 17
VisualStudioVersion = 17.5.33424.131
MinimumVisualStudioVersion = 10.0.40219.1
Project("{FAE04EC0-301F-11D3-BF4B-00C04F79EFBC}") = "SuperAdventure", "SuperAdventure\SuperAdventure.csproj", "{9A0CF109-4980-47D5-977C-ED1A0D208E2A}"
EndProject
Project("{FAE04EC0-301F-11D3-BF4B-00C04F79EFBC}") = "Engine", "Engine\Engine.csproj", "{93647710-359B-45AB-AF02-EA25E5D712EC}"
EndProject
Global
	GlobalSection(SolutionConfigurationPlatforms) = preSolution
		Debug|Any CPU = Debug|Any CPU
		Release|Any CPU = Release|Any CPU
	EndGlobalSection
	GlobalSection(ProjectConfigurationPlatforms) = postSolution
		{9A0CF109-4980-47D5-977C-ED1A0D208E2A}.Debug|Any CPU.ActiveCfg = Debug|Any CPU
		{9A0CF109-4980-47D5-977C-ED1A0D208E2A}.Debug|Any CPU.Build.0 = Debug|Any CPU
		{9A0CF109-4980-47D5-977C-ED1A0D208E2A}.Release|Any CPU.ActiveCfg = Release|Any CPU
		{9A0CF109-4980-47D5-977C-ED1A0D208E2A}.Release|Any CPU.Build.0 = Release|Any CPU
		{93647710-359B-45AB-AF02-EA25E5D712EC}.Debug|Any CPU.ActiveCfg = Debug|Any CPU
		{93647710-359B-45AB-AF02-EA25E5D712EC}.Debug|Any CPU.Build.0 = Debug|Any CPU
		{93647710-359B-45AB-AF02-EA25E5D712EC}.Release|Any CPU.ActiveCfg = Release|Any CPU
		{93647710-359B-45AB-AF02-EA25E5D712EC}.Release|Any CPU.Build.0 = Release|Any CPU
	EndGlobalSection
	GlobalSection(SolutionProperties) = preSolution
		HideSolutionNode = FALSE
	EndGlobalSection
	GlobalSection(ExtensibilityGlobals) = postSolution
		SolutionGuid = {332E1E51-4969-4011-B646-F6B0CA9714B4}
	EndGlobalSection
EndGlobal
